
Microsoft Visual Studio Solution File, Format Version 9.00
# Visual Studio 2005
Project("{FAE04EC0-301F-11D3-BF4B-00C04F79EFBC}") = "sudoku-solver", "sudoku-solver\sudoku-solver.csproj", "{E692F278-C653-4C02-B511-F11BCF65FD2C}"
EndProject
Project("{9344bdbb-3e7f-41fc-a0dd-8665d75ee146}") = "Packages", "Packages.mdproj", "{F3CFBBAF-D514-4D06-8442-332D0353B452}"
EndProject
Global
	GlobalSection(SolutionConfigurationPlatforms) = preSolution
		Debug|x86 = Debug|x86
		Release|x86 = Release|x86
	EndGlobalSection
	GlobalSection(ProjectConfigurationPlatforms) = postSolution
		{E692F278-C653-4C02-B511-F11BCF65FD2C}.Debug|x86.ActiveCfg = Debug|x86
		{E692F278-C653-4C02-B511-F11BCF65FD2C}.Debug|x86.Build.0 = Debug|x86
		{E692F278-C653-4C02-B511-F11BCF65FD2C}.Release|x86.ActiveCfg = Release|x86
		{E692F278-C653-4C02-B511-F11BCF65FD2C}.Release|x86.Build.0 = Release|x86
		{F3CFBBAF-D514-4D06-8442-332D0353B452}.Debug|x86.ActiveCfg = Debug|Any CPU
		{F3CFBBAF-D514-4D06-8442-332D0353B452}.Release|x86.ActiveCfg = Release|Any CPU
	EndGlobalSection
	GlobalSection(MonoDevelopProperties) = preSolution
		StartupItem = sudoku-solver\sudoku-solver.csproj
	EndGlobalSection
EndGlobal
